
Microsoft Visual Studio Solution File, Format Version 12.00
# Visual Studio Version 17
VisualStudioVersion = 17.2.32602.215
MinimumVisualStudioVersion = 10.0.40219.1
Project("{FAE04EC0-301F-11D3-BF4B-00C04F79EFBC}") = "DevIO.UI.Site", "src\DevIO.UI.Site\DevIO.UI.Site.csproj", "{D500B164-E2C0-4327-B10C-A437E25C5A6C}"
EndProject
Global
	GlobalSection(SolutionConfigurationPlatforms) = preSolution
		Debug|Any CPU = Debug|Any CPU
		Release|Any CPU = Release|Any CPU
	EndGlobalSection
	GlobalSection(ProjectConfigurationPlatforms) = postSolution
		{D500B164-E2C0-4327-B10C-A437E25C5A6C}.Debug|Any CPU.ActiveCfg = Debug|Any CPU
		{D500B164-E2C0-4327-B10C-A437E25C5A6C}.Debug|Any CPU.Build.0 = Debug|Any CPU
		{D500B164-E2C0-4327-B10C-A437E25C5A6C}.Release|Any CPU.ActiveCfg = Release|Any CPU
		{D500B164-E2C0-4327-B10C-A437E25C5A6C}.Release|Any CPU.Build.0 = Release|Any CPU
	EndGlobalSection
	GlobalSection(SolutionProperties) = preSolution
		HideSolutionNode = FALSE
	EndGlobalSection
	GlobalSection(ExtensibilityGlobals) = postSolution
		SolutionGuid = {035E423A-B9CF-4DA1-A2B8-26B5180527E1}
	EndGlobalSection
EndGlobal
